
Microsoft Visual Studio Solution File, Format Version 12.00
# Visual Studio Version 16
VisualStudioVersion = 16.0.32002.261
MinimumVisualStudioVersion = 10.0.40219.1
Project("{888888A0-9F3D-457C-B088-3A5042F75D52}") = "Quiz6PythonClass", "Quiz6PythonClass.pyproj", "{F695AECE-415E-4B90-BB49-B0CEF1DDC769}"
EndProject
Global
	GlobalSection(SolutionConfigurationPlatforms) = preSolution
		Debug|Any CPU = Debug|Any CPU
		Release|Any CPU = Release|Any CPU
	EndGlobalSection
	GlobalSection(ProjectConfigurationPlatforms) = postSolution
		{F695AECE-415E-4B90-BB49-B0CEF1DDC769}.Debug|Any CPU.ActiveCfg = Debug|Any CPU
		{F695AECE-415E-4B90-BB49-B0CEF1DDC769}.Release|Any CPU.ActiveCfg = Release|Any CPU
	EndGlobalSection
	GlobalSection(SolutionProperties) = preSolution
		HideSolutionNode = FALSE
	EndGlobalSection
	GlobalSection(ExtensibilityGlobals) = postSolution
		SolutionGuid = {13354E57-D067-4083-A751-AA2A6FA48837}
	EndGlobalSection
EndGlobal
